
Microsoft Visual Studio Solution File, Format Version 12.00
# Visual Studio Version 16
VisualStudioVersion = 16.0.29519.181
MinimumVisualStudioVersion = 10.0.40219.1
Project("{FAE04EC0-301F-11D3-BF4B-00C04F79EFBC}") = "firstApp", "firstApp\firstApp.csproj", "{472890BE-66E8-4F05-8352-0CED48447639}"
EndProject
Global
	GlobalSection(SolutionConfigurationPlatforms) = preSolution
		Debug|Any CPU = Debug|Any CPU
		Release|Any CPU = Release|Any CPU
	EndGlobalSection
	GlobalSection(ProjectConfigurationPlatforms) = postSolution
		{472890BE-66E8-4F05-8352-0CED48447639}.Debug|Any CPU.ActiveCfg = Debug|Any CPU
		{472890BE-66E8-4F05-8352-0CED48447639}.Debug|Any CPU.Build.0 = Debug|Any CPU
		{472890BE-66E8-4F05-8352-0CED48447639}.Release|Any CPU.ActiveCfg = Release|Any CPU
		{472890BE-66E8-4F05-8352-0CED48447639}.Release|Any CPU.Build.0 = Release|Any CPU
	EndGlobalSection
	GlobalSection(SolutionProperties) = preSolution
		HideSolutionNode = FALSE
	EndGlobalSection
	GlobalSection(ExtensibilityGlobals) = postSolution
		SolutionGuid = {4F9D0429-07C1-4369-B660-CBAE5B39BC62}
	EndGlobalSection
EndGlobal
